github.com/dlclark/regexp2/v2 v2.0.1 h1:eaQ7GE11jgSwLMM5BQ9BerbAXI3TLq+Y6o53V6z2tlw=
github.com/dlclark/regexp2/v2 v2.0.1/go.mod h1:Bz5TMy5d8fPK0ximH0Yi9KvsRHNnvXqUx9XG6a4wB+I=
github.com/jtacoma/uritemplates v1.0.0 h1:xwx5sBF7pPAb0Uj8lDC1Q/aBPpOFyQza7OC705ZlLCo=
github.com/jtacoma/uritemplates v1.0.0/go.mod h1:IhIICdE9OcvgUnGwTtJxgBQ+VrTrti5PcbLVSJianO8=
github.com/katydid/parser-go v0.8.7 h1:mopBpRzJctDA6lkN8VZDdLgXwKcJVPQI2MASAwBr7XA=
github.com/katydid/parser-go v0.8.7/go.mod h1:e6PzxUlxRtkeyCMHQW7l+xG6/r/3edg14k2KK4l2WL4=
github.com/katydid/parser-go-json v0.5.6 h1:ToD247CN9tzPTC5qwsVdk0l64PoU6tWKm5ued9vnTWY=
github.com/katydid/parser-go-json v0.5.6/go.mod h1:mOmOFzPcDmD9rzyJnX8QGCfcXFQ/iRDEG6r4iMIfzOM=
github.com/katydid/parser-go-reflect v0.3.4 h1:MgpSZ3ouSyo9l4XbA3euPSGF6bQxUQM1zOsP5WwExBQ=
github.com/katydid/parser-go-reflect v0.3.4/go.mod h1:BzAcSjiwujz6gX+GmzxMNXYXVnbSRgJizX0pzjceCKg=
github.com/katydid/validator-go v0.6.5-0.20260619075609-d9dfc0c1983b h1:twLWKeowFXtvhpYpc7Xg7X2vgiuI0ttIAJSR+UneMcg=
github.com/katydid/validator-go v0.6.5-0.20260619075609-d9dfc0c1983b/go.mod h1:JYsBaEUMMB8nXzLqLuJ8LoYgNlIi+FDN1/8EERBHanw=
github.com/katydid/validator-go-jsonschema v0.0.0-20260619154140-e1ce88dffcaf h1:3ECJp8dHEJsevKKV0Flg/CFCD6bvSFDOqT2cfKHvBn4=
github.com/katydid/validator-go-jsonschema v0.0.0-20260619154140-e1ce88dffcaf/go.mod h1:fucXXphbfA7U76uL5CmMw2FISYrVU3FuH0PO3XaEkUY=
github.com/qri-io/jsonpointer v0.1.1 h1:prVZBZLL6TW5vsSB9fFHFAMBLI4b0ri5vribQlTJiBA=
github.com/qri-io/jsonpointer v0.1.1/go.mod h1:DnJPaYgiKu56EuDp8TU5wFLdZIcAnb/uH9v37ZaMV64=
