github.com/dlclark/regexp2/v2 v2.0.1 h1:eaQ7GE11jgSwLMM5BQ9BerbAXI3TLq+Y6o53V6z2tlw=
github.com/dlclark/regexp2/v2 v2.0.1/go.mod h1:Bz5TMy5d8fPK0ximH0Yi9KvsRHNnvXqUx9XG6a4wB+I=
github.com/jtacoma/uritemplates v1.0.0 h1:xwx5sBF7pPAb0Uj8lDC1Q/aBPpOFyQza7OC705ZlLCo=
github.com/jtacoma/uritemplates v1.0.0/go.mod h1:IhIICdE9OcvgUnGwTtJxgBQ+VrTrti5PcbLVSJianO8=
github.com/katydid/parser-go v0.8.8 h1:/DCML1tayuBKV4+NoWbJwrXU1Ieuk/soSp7l9H9WRAo=
github.com/katydid/parser-go v0.8.8/go.mod h1:e6PzxUlxRtkeyCMHQW7l+xG6/r/3edg14k2KK4l2WL4=
github.com/katydid/parser-go-json v0.5.8 h1:qZHLChdtHak9EB+qBfkGfmSeUngjRxFSVoR7ntP6p6c=
github.com/katydid/parser-go-json v0.5.8/go.mod h1:GbANaRrh+ShYUHyc6rEBuhEO59YcYLOtNTsl8YxVbik=
github.com/katydid/parser-go-reflect v0.3.6 h1:vgP7rU06UNThFJdXygUjJZ4WoItgNV6GKOnXhMGVfRI=
github.com/katydid/parser-go-reflect v0.3.6/go.mod h1:dHhC60fewyqTxdjTwtNtcYntqYRxAFcdW2wlyOewrPM=
github.com/katydid/validator-go v0.7.1 h1:8avLuoRvCvgLdQPgVV1Wzu7IEOtqO9EVf8lSMRoFWlE=
github.com/katydid/validator-go v0.7.1/go.mod h1:hFVz3sYRU7w58vOnvVfJNZ4OGrsFgI15ZoS/BWpy8hM=
github.com/katydid/validator-go-jsonschema v0.1.1 h1:dT2glzvb2Qavlhch0KX7S9nUZEuI+w72F4tNWCZUHcI=
github.com/katydid/validator-go-jsonschema v0.1.1/go.mod h1:aF++8IrwJWcB92vqRMH9FjacV/uejnvM6EtcpcJyNRI=
