github.com/dlclark/regexp2/v2 v2.0.1 h1:eaQ7GE11jgSwLMM5BQ9BerbAXI3TLq+Y6o53V6z2tlw=
github.com/dlclark/regexp2/v2 v2.0.1/go.mod h1:Bz5TMy5d8fPK0ximH0Yi9KvsRHNnvXqUx9XG6a4wB+I=
github.com/jtacoma/uritemplates v1.0.0 h1:xwx5sBF7pPAb0Uj8lDC1Q/aBPpOFyQza7OC705ZlLCo=
github.com/jtacoma/uritemplates v1.0.0/go.mod h1:IhIICdE9OcvgUnGwTtJxgBQ+VrTrti5PcbLVSJianO8=
katydid.org.za/go/parser-go v0.11.1 h1:lRYOJMTm1bjekJYAU3s3tAo/zc/6wS2QSNrQOvT5B4I=
katydid.org.za/go/parser-go v0.11.1/go.mod h1:e1ZTtXTE/kBuCQ9mQKz4/POfyAj1bHHJdVG75BvDjo0=
katydid.org.za/go/parser-go-json v0.8.1 h1:0zDljeltM8dBVjXPpYjq6UUwJvxkCkg29X3A+aR/1Bg=
katydid.org.za/go/parser-go-json v0.8.1/go.mod h1:nMirHAiUr0+4q13jpaXrgrBg117DoObBT9FWaUMgoUY=
katydid.org.za/go/parser-go-reflect v0.5.1 h1:6jGRptvticBVmnLgXI1D4+DkfGb9jB2ZXVLj/4sUEoo=
katydid.org.za/go/parser-go-reflect v0.5.1/go.mod h1:50HDOwvi3b8fAGtSv0pFFGTCsvcou8njalP+zzWTwBA=
katydid.org.za/go/parser-go-xml v0.2.2 h1:urIql5fPJA0GmbWkGNvW02GyNvP7qp/1c5COtU1EUzI=
katydid.org.za/go/parser-go-xml v0.2.2/go.mod h1:Kwjj3x8NPruslVwk7Sa2GRAz8j5FQU3yxkpw8y9AwPo=
katydid.org.za/go/validator-go v0.8.3 h1:qXTV9lrzOd+ZUsjJqySCJu/pOr5Ao+RTvt0OHadYIUE=
katydid.org.za/go/validator-go v0.8.3/go.mod h1:mL9H1CL4Tby9mALC9N8VWxdpC58sAwMtZ80smbjDq5w=
katydid.org.za/go/validator-go-jsonschema v0.1.4 h1:zijWLeXPeKX3pEaT5P89CChfe4n7xMGGi6xQWShxreQ=
katydid.org.za/go/validator-go-jsonschema v0.1.4/go.mod h1:+7uc9PYpACwN3itSNMVVfmxGpbfT0OSIjdITzADbfwU=
